<?xml version="1.0" encoding="utf-8"?>
<Project ToolsVersion="4.0" xmlns="http://schemas.microsoft.com/developer/msbuild/2003">
  <ItemGroup>
    <ClCompile Include="main.cpp" />
    <ClCompile Include="Simulation\Character\PlayerCharacter.cpp">
      <Filter>Simulaton\Character</Filter>
    </ClCompile>
    <ClCompile Include="Simulation\Attributes\Attributes.cpp">
      <Filter>Simulaton\Attributes</Filter>
    </ClCompile>
  </ItemGroup>
  <ItemGroup>
    <Filter Include="Actions">
      <UniqueIdentifier>{3a8c7239-95ad-4bdd-aa98-06004715e93a}</UniqueIdentifier>
    </Filter>
    <Filter Include="Data">
      <UniqueIdentifier>{afbef2e7-b795-4cb9-962c-8007eb264a43}</UniqueIdentifier>
    </Filter>
    <Filter Include="Logging">
      <UniqueIdentifier>{300d41cc-3be1-470a-bca3-ead032e8370a}</UniqueIdentifier>
    </Filter>
    <Filter Include="Util">
      <UniqueIdentifier>{a686c3ea-b5d2-49d3-a3db-58abecf75033}</UniqueIdentifier>
    </Filter>
    <Filter Include="Simulaton">
      <UniqueIdentifier>{6c6e7e3d-198e-419c-a1e4-b1f87532155b}</UniqueIdentifier>
    </Filter>
    <Filter Include="Simulaton\Character">
      <UniqueIdentifier>{b53b5e07-4721-4efa-95c7-f4f3563bc7cd}</UniqueIdentifier>
    </Filter>
    <Filter Include="Util\Debug">
      <UniqueIdentifier>{2d4061c5-abb1-40cf-92ed-1803bd9942c8}</UniqueIdentifier>
    </Filter>
    <Filter Include="Simulaton\Attributes">
      <UniqueIdentifier>{3c1cf202-8392-4449-a3b9-2bb9dd97058d}</UniqueIdentifier>
    </Filter>
  </ItemGroup>
  <ItemGroup>
    <ClInclude Include="Simulation\TemporalQueue.h">
      <Filter>Simulaton</Filter>
    </ClInclude>
    <ClInclude Include="Simulation\IAction.h">
      <Filter>Simulaton</Filter>
    </ClInclude>
    <ClInclude Include="Actions\ActionBase.h">
      <Filter>Actions</Filter>
    </ClInclude>
    <ClInclude Include="Actions\AutoSwingAction.h">
      <Filter>Actions</Filter>
    </ClInclude>
    <ClInclude Include="Actions\SimulationEndAction.h">
      <Filter>Actions</Filter>
    </ClInclude>
    <ClInclude Include="Simulation\Simulation.h">
      <Filter>Simulaton</Filter>
    </ClInclude>
    <ClInclude Include="Simulation\RaceId.h">
      <Filter>Simulaton</Filter>
    </ClInclude>
    <ClInclude Include="Simulation\ClassId.h">
      <Filter>Simulaton</Filter>
    </ClInclude>
    <ClInclude Include="Data\BasicCharacterData.h">
      <Filter>Data</Filter>
    </ClInclude>
    <ClInclude Include="Data\ClassAttributesPerLevel.h">
      <Filter>Data</Filter>
    </ClInclude>
    <ClInclude Include="Simulation\UniqueId.h">
      <Filter>Simulaton</Filter>
    </ClInclude>
    <ClInclude Include="OptionalRef.h" />
    <ClInclude Include="Simulation\TargetManager.h">
      <Filter>Simulaton</Filter>
    </ClInclude>
    <ClInclude Include="Logging\DebugConsoleLogProvider.h">
      <Filter>Logging</Filter>
    </ClInclude>
    <ClInclude Include="Logging\DebugLogManager.h">
      <Filter>Logging</Filter>
    </ClInclude>
    <ClInclude Include="WoWSimDebugLogging.h" />
    <ClInclude Include="Simulation\Character\Character.h">
      <Filter>Simulaton\Character</Filter>
    </ClInclude>
    <ClInclude Include="Simulation\Character\CharacterManager.h">
      <Filter>Simulaton\Character</Filter>
    </ClInclude>
    <ClInclude Include="Simulation\Character\PlayerCharacter.h">
      <Filter>Simulaton\Character</Filter>
    </ClInclude>
    <ClInclude Include="Simulation\Character\MobCharacter.h">
      <Filter>Simulaton\Character</Filter>
    </ClInclude>
    <ClInclude Include="Util\Debug\CharacerDebugOutput.h">
      <Filter>Util\Debug</Filter>
    </ClInclude>
    <ClInclude Include="Simulation\Attributes\Attributes.h">
      <Filter>Simulaton\Attributes</Filter>
    </ClInclude>
  </ItemGroup>
</Project>