
Microsoft Visual Studio Solution File, Format Version 12.00
# Visual Studio Version 17
VisualStudioVersion = 17.14.36301.6 d17.14
MinimumVisualStudioVersion = 10.0.40219.1
Project("{FAE04EC0-301F-11D3-BF4B-00C04F79EFBC}") = "DataGenerator", "DataGenerator\DataGenerator.csproj", "{C9E3EC8B-0851-4E0E-A246-96AAD0E93DA8}"
EndProject
Global
	GlobalSection(SolutionConfigurationPlatforms) = preSolution
		Debug|Any CPU = Debug|Any CPU
		Release|Any CPU = Release|Any CPU
	EndGlobalSection
	GlobalSection(ProjectConfigurationPlatforms) = postSolution
		{C9E3EC8B-0851-4E0E-A246-96AAD0E93DA8}.Debug|Any CPU.ActiveCfg = Debug|Any CPU
		{C9E3EC8B-0851-4E0E-A246-96AAD0E93DA8}.Debug|Any CPU.Build.0 = Debug|Any CPU
		{C9E3EC8B-0851-4E0E-A246-96AAD0E93DA8}.Release|Any CPU.ActiveCfg = Release|Any CPU
		{C9E3EC8B-0851-4E0E-A246-96AAD0E93DA8}.Release|Any CPU.Build.0 = Release|Any CPU
	EndGlobalSection
	GlobalSection(SolutionProperties) = preSolution
		HideSolutionNode = FALSE
	EndGlobalSection
	GlobalSection(ExtensibilityGlobals) = postSolution
		SolutionGuid = {C13FA151-DC56-4A1B-848C-DE8F7B5F04DC}
	EndGlobalSection
EndGlobal
